
Microsoft Visual Studio Solution File, Format Version 12.00
# Visual Studio Version 17
VisualStudioVersion = 17.14.36301.6 d17.14
MinimumVisualStudioVersion = 10.0.40219.1
Project("{FAE04EC0-301F-11D3-BF4B-00C04F79EFBC}") = "MinimalAPI2", "MinimalAPI2\MinimalAPI2.csproj", "{DDA9D289-35B0-49F9-8DBF-B0AC89111679}"
EndProject
Global
	GlobalSection(SolutionConfigurationPlatforms) = preSolution
		Debug|Any CPU = Debug|Any CPU
		Release|Any CPU = Release|Any CPU
	EndGlobalSection
	GlobalSection(ProjectConfigurationPlatforms) = postSolution
		{DDA9D289-35B0-49F9-8DBF-B0AC89111679}.Debug|Any CPU.ActiveCfg = Debug|Any CPU
		{DDA9D289-35B0-49F9-8DBF-B0AC89111679}.Debug|Any CPU.Build.0 = Debug|Any CPU
		{DDA9D289-35B0-49F9-8DBF-B0AC89111679}.Release|Any CPU.ActiveCfg = Release|Any CPU
		{DDA9D289-35B0-49F9-8DBF-B0AC89111679}.Release|Any CPU.Build.0 = Release|Any CPU
	EndGlobalSection
	GlobalSection(SolutionProperties) = preSolution
		HideSolutionNode = FALSE
	EndGlobalSection
	GlobalSection(ExtensibilityGlobals) = postSolution
		SolutionGuid = {03F9A999-B1B8-438C-ACDC-B51B5509F0BD}
	EndGlobalSection
EndGlobal
