
Microsoft Visual Studio Solution File, Format Version 12.00
# Visual Studio Version 17
VisualStudioVersion = 17.14.36301.6 d17.14
MinimumVisualStudioVersion = 10.0.40219.1
Project("{FAE04EC0-301F-11D3-BF4B-00C04F79EFBC}") = "MinimalAPI2", "MinimalAPI2.csproj", "{6E9FEA5C-290F-C975-187B-D2876AAB761A}"
EndProject
Project("{FAE04EC0-301F-11D3-BF4B-00C04F79EFBC}") = "Test", "..\Test\Test.csproj", "{007C4E8F-18E7-45C9-9678-4BD5549DE5F4}"
EndProject
Global
	GlobalSection(SolutionConfigurationPlatforms) = preSolution
		Debug|Any CPU = Debug|Any CPU
		Release|Any CPU = Release|Any CPU
	EndGlobalSection
	GlobalSection(ProjectConfigurationPlatforms) = postSolution
		{6E9FEA5C-290F-C975-187B-D2876AAB761A}.Debug|Any CPU.ActiveCfg = Debug|Any CPU
		{6E9FEA5C-290F-C975-187B-D2876AAB761A}.Debug|Any CPU.Build.0 = Debug|Any CPU
		{6E9FEA5C-290F-C975-187B-D2876AAB761A}.Release|Any CPU.ActiveCfg = Release|Any CPU
		{6E9FEA5C-290F-C975-187B-D2876AAB761A}.Release|Any CPU.Build.0 = Release|Any CPU
		{007C4E8F-18E7-45C9-9678-4BD5549DE5F4}.Debug|Any CPU.ActiveCfg = Debug|Any CPU
		{007C4E8F-18E7-45C9-9678-4BD5549DE5F4}.Debug|Any CPU.Build.0 = Debug|Any CPU
		{007C4E8F-18E7-45C9-9678-4BD5549DE5F4}.Release|Any CPU.ActiveCfg = Release|Any CPU
		{007C4E8F-18E7-45C9-9678-4BD5549DE5F4}.Release|Any CPU.Build.0 = Release|Any CPU
	EndGlobalSection
	GlobalSection(SolutionProperties) = preSolution
		HideSolutionNode = FALSE
	EndGlobalSection
	GlobalSection(ExtensibilityGlobals) = postSolution
		SolutionGuid = {ECD7F1EF-1BD4-4B5A-A7AF-26A282D193B6}
	EndGlobalSection
EndGlobal
